
Microsoft Visual Studio Solution File, Format Version 12.00
# Visual Studio 15
VisualStudioVersion = 15.0.27428.2002
MinimumVisualStudioVersion = 10.0.40219.1
Project("{FAE04EC0-301F-11D3-BF4B-00C04F79EFBC}") = "SwagerAPIConfiguration", "SwagerAPIConfiguration\SwagerAPIConfiguration.csproj", "{1FB0DC94-5665-4373-BD7F-F56796A93278}"
EndProject
Global
	GlobalSection(SolutionConfigurationPlatforms) = preSolution
		Debug|Any CPU = Debug|Any CPU
		Release|Any CPU = Release|Any CPU
	EndGlobalSection
	GlobalSection(ProjectConfigurationPlatforms) = postSolution
		{1FB0DC94-5665-4373-BD7F-F56796A93278}.Debug|Any CPU.ActiveCfg = Debug|Any CPU
		{1FB0DC94-5665-4373-BD7F-F56796A93278}.Debug|Any CPU.Build.0 = Debug|Any CPU
		{1FB0DC94-5665-4373-BD7F-F56796A93278}.Release|Any CPU.ActiveCfg = Release|Any CPU
		{1FB0DC94-5665-4373-BD7F-F56796A93278}.Release|Any CPU.Build.0 = Release|Any CPU
	EndGlobalSection
	GlobalSection(SolutionProperties) = preSolution
		HideSolutionNode = FALSE
	EndGlobalSection
	GlobalSection(ExtensibilityGlobals) = postSolution
		SolutionGuid = {ACE64ABA-1C8B-4AA6-957B-C4DE17C75C6C}
	EndGlobalSection
EndGlobal
